// !$*UTF8*$!
{
	archiveVersion = 1;
	classes = {
	};
	objectVersion = 48;
	objects = {

/* Begin PBXBuildFile section */
		301D8D49205E387700F4D69B /* AppDelegate.swift in Sources */ = {isa = PBXBuildFile; fileRef = 301D8D48205E387700F4D69B /* AppDelegate.swift */; };
		301D8D4B205E387700F4D69B /* ViewController.swift in Sources */ = {isa = PBXBuildFile; fileRef = 301D8D4A205E387700F4D69B /* ViewController.swift */; };
		301D8D4E205E387700F4D69B /* Main.storyboard in Resources */ = {isa = PBXBuildFile; fileRef = 301D8D4C205E387700F4D69B /* Main.storyboard */; };
		301D8D50205E387700F4D69B /* Assets.xcassets in Resources */ = {isa = PBXBuildFile; fileRef = 301D8D4F205E387700F4D69B /* Assets.xcassets */; };
		301D8D53205E387700F4D69B /* LaunchScreen.storyboard in Resources */ = {isa = PBXBuildFile; fileRef = 301D8D51205E387700F4D69B /* LaunchScreen.storyboard */; };
		301D8D5E205E387700F4D69B /* HangmanTests.swift in Sources */ = {isa = PBXBuildFile; fileRef = 301D8D5D205E387700F4D69B /* HangmanTests.swift */; };
		301D8D69205E387700F4D69B /* HangmanUITests.swift in Sources */ = {isa = PBXBuildFile; fileRef = 301D8D68205E387700F4D69B /* HangmanUITests.swift */; };
/* End PBXBuildFile section */

/* Begin PBXContainerItemProxy section */
		301D8D5A205E387700F4D69B /* PBXContainerItemProxy */ = {
			isa = PBXContainerItemProxy;
			containerPortal = 301D8D3D205E387600F4D69B /* Project object */;
			proxyType = 1;
			remoteGlobalIDString = 301D8D44205E387700F4D69B;
			remoteInfo = Hangman;
		};
		301D8D65205E387700F4D69B /* PBXContainerItemProxy */ = {
			isa = PBXContainerItemProxy;
			containerPortal = 301D8D3D205E387600F4D69B /* Project object */;
			proxyType = 1;
			remoteGlobalIDString = 301D8D44205E387700F4D69B;
			remoteInfo = Hangman;
		};
/* End PBXContainerItemProxy section */

/* Begin PBXFileReference section */
		301D8D45205E387700F4D69B /* Hangman.app */ = {isa = PBXFileReference; explicitFileType = wrapper.application; includeInIndex = 0; path = Hangman.app; sourceTree = BUILT_PRODUCTS_DIR; };
		301D8D48205E387700F4D69B /* AppDelegate.swift */ = {isa = PBXFileReference; lastKnownFileType = sourcecode.swift; path = AppDelegate.swift; sourceTree = "<group>"; };
		301D8D4A205E387700F4D69B /* ViewController.swift */ = {isa = PBXFileReference; lastKnownFileType = sourcecode.swift; path = ViewController.swift; sourceTree = "<group>"; };
		301D8D4D205E387700F4D69B /* Base */ = {isa = PBXFileReference; lastKnownFileType = file.storyboard; name = Base; path = Base.lproj/Main.storyboard; sourceTree = "<group>"; };
		301D8D4F205E387700F4D69B /* Assets.xcassets */ = {isa = PBXFileReference; lastKnownFileType = folder.assetcatalog; path = Assets.xcassets; sourceTree = "<group>"; };
		301D8D52205E387700F4D69B /* Base */ = {isa = PBXFileReference; lastKnownFileType = file.storyboard; name = Base; path = Base.lproj/LaunchScreen.storyboard; sourceTree = "<group>"; };
		301D8D54205E387700F4D69B /* Info.plist */ = {isa = PBXFileReference; lastKnownFileType = text.plist.xml; path = Info.plist; sourceTree = "<group>"; };
		301D8D59205E387700F4D69B /* HangmanTests.xctest */ = {isa = PBXFileReference; explicitFileType = wrapper.cfbundle; includeInIndex = 0; path = HangmanTests.xctest; sourceTree = BUILT_PRODUCTS_DIR; };
		301D8D5D205E387700F4D69B /* HangmanTests.swift */ = {isa = PBXFileReference; lastKnownFileType = sourcecode.swift; path = HangmanTests.swift; sourceTree = "<group>"; };
		301D8D5F205E387700F4D69B /* Info.plist */ = {isa = PBXFileReference; lastKnownFileType = text.plist.xml; path = Info.plist; sourceTree = "<group>"; };
		301D8D64205E387700F4D69B /* HangmanUITests.xctest */ = {isa = PBXFileReference; explicitFileType = wrapper.cfbundle; includeInIndex = 0; path = HangmanUITests.xctest; sourceTree = BUILT_PRODUCTS_DIR; };
		301D8D68205E387700F4D69B /* HangmanUITests.swift */ = {isa = PBXFileReference; lastKnownFileType = sourcecode.swift; path = HangmanUITests.swift; sourceTree = "<group>"; };
		301D8D6A205E387700F4D69B /* Info.plist */ = {isa = PBXFileReference; lastKnownFileType = text.plist.xml; path = Info.plist; sourceTree = "<group>"; };
/* End PBXFileReference section */

/* Begin PBXFrameworksBuildPhase section */
		301D8D42205E387700F4D69B /* Frameworks */ = {
			isa = PBXFrameworksBuildPhase;
			buildActionMask = 2147483647;
			files = (
			);
			runOnlyForDeploymentPostprocessing = 0;
		};
		301D8D56205E387700F4D69B /* Frameworks */ = {
			isa = PBXFrameworksBuildPhase;
			buildActionMask = 2147483647;
			files = (
			);
			runOnlyForDeploymentPostprocessing = 0;
		};
		301D8D61205E387700F4D69B /* Frameworks */ = {
			isa = PBXFrameworksBuildPhase;
			buildActionMask = 2147483647;
			files = (
			);
			runOnlyForDeploymentPostprocessing = 0;
		};
/* End PBXFrameworksBuildPhase section */

/* Begin PBXGroup section */
		301D8D3C205E387600F4D69B = {
			isa = PBXGroup;
			children = (
				301D8D47205E387700F4D69B /* Hangman */,
				301D8D5C205E387700F4D69B /* HangmanTests */,
				301D8D67205E387700F4D69B /* HangmanUITests */,
				301D8D46205E387700F4D69B /* Products */,
			);
			sourceTree = "<group>";
		};
		301D8D46205E387700F4D69B /* Products */ = {
			isa = PBXGroup;
			children = (
				301D8D45205E387700F4D69B /* Hangman.app */,
				301D8D59205E387700F4D69B /* HangmanTests.xctest */,
				301D8D64205E387700F4D69B /* HangmanUITests.xctest */,
			);
			name = Products;
			sourceTree = "<group>";
		};
		301D8D47205E387700F4D69B /* Hangman */ = {
			isa = PBXGroup;
			children = (
				301D8D48205E387700F4D69B /* AppDelegate.swift */,
				301D8D4A205E387700F4D69B /* ViewController.swift */,
				301D8D4C205E387700F4D69B /* Main.storyboard */,
				301D8D4F205E387700F4D69B /* Assets.xcassets */,
				301D8D51205E387700F4D69B /* LaunchScreen.storyboard */,
				301D8D54205E387700F4D69B /* Info.plist */,
			);
			path = Hangman;
			sourceTree = "<group>";
		};
		301D8D5C205E387700F4D69B /* HangmanTests */ = {
			isa = PBXGroup;
			children = (
				301D8D5D205E387700F4D69B /* HangmanTests.swift */,
				301D8D5F205E387700F4D69B /* Info.plist */,
			);
			path = HangmanTests;
			sourceTree = "<group>";
		};
		301D8D67205E387700F4D69B /* HangmanUITests */ = {
			isa = PBXGroup;
			children = (
				301D8D68205E387700F4D69B /* HangmanUITests.swift */,
				301D8D6A205E387700F4D69B /* Info.plist */,
			);
			path = HangmanUITests;
			sourceTree = "<group>";
		};
/* End PBXGroup section */

/* Begin PBXNativeTarget section */
		301D8D44205E387700F4D69B /* Hangman */ = {
			isa = PBXNativeTarget;
			buildConfigurationList = 301D8D6D205E387700F4D69B /* Build configuration list for PBXNativeTarget "Hangman" */;
			buildPhases = (
				301D8D41205E387700F4D69B /* Sources */,
				301D8D42205E387700F4D69B /* Frameworks */,
				301D8D43205E387700F4D69B /* Resources */,
			);
			buildRules = (
			);
			dependencies = (
			);
			name = Hangman;
			productName = Hangman;
			productReference = 301D8D45205E387700F4D69B /* Hangman.app */;
			productType = "com.apple.product-type.application";
		};
		301D8D58205E387700F4D69B /* HangmanTests */ = {
			isa = PBXNativeTarget;
			buildConfigurationList = 301D8D70205E387700F4D69B /* Build configuration list for PBXNativeTarget "HangmanTests" */;
			buildPhases = (
				301D8D55205E387700F4D69B /* Sources */,
				301D8D56205E387700F4D69B /* Frameworks */,
				301D8D57205E387700F4D69B /* Resources */,
			);
			buildRules = (
			);
			dependencies = (
				301D8D5B205E387700F4D69B /* PBXTargetDependency */,
			);
			name = HangmanTests;
			productName = HangmanTests;
			productReference = 301D8D59205E387700F4D69B /* HangmanTests.xctest */;
			productType = "com.apple.product-type.bundle.unit-test";
		};
		301D8D63205E387700F4D69B /* HangmanUITests */ = {
			isa = PBXNativeTarget;
			buildConfigurationList = 301D8D73205E387700F4D69B /* Build configuration list for PBXNativeTarget "HangmanUITests" */;
			buildPhases = (
				301D8D60205E387700F4D69B /* Sources */,
				301D8D61205E387700F4D69B /* Frameworks */,
				301D8D62205E387700F4D69B /* Resources */,
			);
			buildRules = (
			);
			dependencies = (
				301D8D66205E387700F4D69B /* PBXTargetDependency */,
			);
			name = HangmanUITests;
			productName = HangmanUITests;
			productReference = 301D8D64205E387700F4D69B /* HangmanUITests.xctest */;
			productType = "com.apple.product-type.bundle.ui-testing";
		};
/* End PBXNativeTarget section */

/* Begin PBXProject section */
		301D8D3D205E387600F4D69B /* Project object */ = {
			isa = PBXProject;
			attributes = {
				LastSwiftUpdateCheck = 0920;
				LastUpgradeCheck = 0920;
				ORGANIZATIONNAME = "Alish Giri";
				TargetAttributes = {
					301D8D44205E387700F4D69B = {
						CreatedOnToolsVersion = 9.2;
						ProvisioningStyle = Automatic;
					};
					301D8D58205E387700F4D69B = {
						CreatedOnToolsVersion = 9.2;
						ProvisioningStyle = Automatic;
						TestTargetID = 301D8D44205E387700F4D69B;
					};
					301D8D63205E387700F4D69B = {
						CreatedOnToolsVersion = 9.2;
						ProvisioningStyle = Automatic;
						TestTargetID = 301D8D44205E387700F4D69B;
					};
				};
			};
			buildConfigurationList = 301D8D40205E387600F4D69B /* Build configuration list for PBXProject "Hangman" */;
			compatibilityVersion = "Xcode 8.0";
			developmentRegion = en;
			hasScannedForEncodings = 0;
			knownRegions = (
				en,
				Base,
			);
			mainGroup = 301D8D3C205E387600F4D69B;
			productRefGroup = 301D8D46205E387700F4D69B /* Products */;
			projectDirPath = "";
			projectRoot = "";
			targets = (
				301D8D44205E387700F4D69B /* Hangman */,
				301D8D58205E387700F4D69B /* HangmanTests */,
				301D8D63205E387700F4D69B /* HangmanUITests */,
			);
		};
/* End PBXProject section */

/* Begin PBXResourcesBuildPhase section */
		301D8D43205E387700F4D69B /* Resources */ = {
			isa = PBXResourcesBuildPhase;
			buildActionMask = 2147483647;
			files = (
				301D8D53205E387700F4D69B /* LaunchScreen.storyboard in Resources */,
				301D8D50205E387700F4D69B /* Assets.xcassets in Resources */,
				301D8D4E205E387700F4D69B /* Main.storyboard in Resources */,
			);
			runOnlyForDeploymentPostprocessing = 0;
		};
		301D8D57205E387700F4D69B /* Resources */ = {
			isa = PBXResourcesBuildPhase;
			buildActionMask = 2147483647;
			files = (
			);
			runOnlyForDeploymentPostprocessing = 0;
		};
		301D8D62205E387700F4D69B /* Resources */ = {
			isa = PBXResourcesBuildPhase;
			buildActionMask = 2147483647;
			files = (
			);
			runOnlyForDeploymentPostprocessing = 0;
		};
/* End PBXResourcesBuildPhase section */

/* Begin PBXSourcesBuildPhase section */
		301D8D41205E387700F4D69B /* Sources */ = {
			isa = PBXSourcesBuildPhase;
			buildActionMask = 2147483647;
			files = (
				301D8D4B205E387700F4D69B /* ViewController.swift in Sources */,
				301D8D49205E387700F4D69B /* AppDelegate.swift in Sources */,
			);
			runOnlyForDeploymentPostprocessing = 0;
		};
		301D8D55205E387700F4D69B /* Sources */ = {
			isa = PBXSourcesBuildPhase;
			buildActionMask = 2147483647;
			files = (
				301D8D5E205E387700F4D69B /* HangmanTests.swift in Sources */,
			);
			runOnlyForDeploymentPostprocessing = 0;
		};
		301D8D60205E387700F4D69B /* Sources */ = {
			isa = PBXSourcesBuildPhase;
			buildActionMask = 2147483647;
			files = (
				301D8D69205E387700F4D69B /* HangmanUITests.swift in Sources */,
			);
			runOnlyForDeploymentPostprocessing = 0;
		};
/* End PBXSourcesBuildPhase section */

/* Begin PBXTargetDependency section */
		301D8D5B205E387700F4D69B /* PBXTargetDependency */ = {
			isa = PBXTargetDependency;
			target = 301D8D44205E387700F4D69B /* Hangman */;
			targetProxy = 301D8D5A205E387700F4D69B /* PBXContainerItemProxy */;
		};
		301D8D66205E387700F4D69B /* PBXTargetDependency */ = {
			isa = PBXTargetDependency;
			target = 301D8D44205E387700F4D69B /* Hangman */;
			targetProxy = 301D8D65205E387700F4D69B /* PBXContainerItemProxy */;
		};
/* End PBXTargetDependency section */

/* Begin PBXVariantGroup section */
		301D8D4C205E387700F4D69B /* Main.storyboard */ = {
			isa = PBXVariantGroup;
			children = (
				301D8D4D205E387700F4D69B /* Base */,
			);
			name = Main.storyboard;
			sourceTree = "<group>";
		};
		301D8D51205E387700F4D69B /* LaunchScreen.storyboard */ = {
			isa = PBXVariantGroup;
			children = (
				301D8D52205E387700F4D69B /* Base */,
			);
			name = LaunchScreen.storyboard;
			sourceTree = "<group>";
		};
/* End PBXVariantGroup section */

/* Begin XCBuildConfiguration section */
		301D8D6B205E387700F4D69B /* Debug */ = {
			isa = XCBuildConfiguration;
			buildSettings = {
				ALWAYS_SEARCH_USER_PATHS = NO;
				CLANG_ANALYZER_NONNULL = YES;
				CLANG_ANALYZER_NUMBER_OBJECT_CONVERSION = YES_AGGRESSIVE;
				CLANG_CXX_LANGUAGE_STANDARD = "gnu++14";
				CLANG_CXX_LIBRARY = "libc++";
				CLANG_ENABLE_MODULES = YES;
				CLANG_ENABLE_OBJC_ARC = YES;
				CLANG_WARN_BLOCK_CAPTURE_AUTORELEASING = YES;
				CLANG_WARN_BOOL_CONVERSION = YES;
				CLANG_WARN_COMMA = YES;
				CLANG_WARN_CONSTANT_CONVERSION = YES;
				CLANG_WARN_DIRECT_OBJC_ISA_USAGE = YES_ERROR;
				CLANG_WARN_DOCUMENTATION_COMMENTS = YES;
				CLANG_WARN_EMPTY_BODY = YES;
				CLANG_WARN_ENUM_CONVERSION = YES;
				CLANG_WARN_INFINITE_RECURSION = YES;
				CLANG_WARN_INT_CONVERSION = YES;
				CLANG_WARN_NON_LITERAL_NULL_CONVERSION = YES;
				CLANG_WARN_OBJC_LITERAL_CONVERSION = YES;
				CLANG_WARN_OBJC_ROOT_CLASS = YES_ERROR;
				CLANG_WARN_RANGE_LOOP_ANALYSIS = YES;
				CLANG_WARN_STRICT_PROTOTYPES = YES;
				CLANG_WARN_SUSPICIOUS_MOVE = YES;
				CLANG_WARN_UNGUARDED_AVAILABILITY = YES_AGGRESSIVE;
				CLANG_WARN_UNREACHABLE_CODE = YES;
				CLANG_WARN__DUPLICATE_METHOD_MATCH = YES;
				CODE_SIGN_IDENTITY = "iPhone Developer";
				COPY_PHASE_STRIP = NO;
				DEBUG_INFORMATION_FORMAT = dwarf;
				ENABLE_STRICT_OBJC_MSGSEND = YES;
				ENABLE_TESTABILITY = YES;
				GCC_C_LANGUAGE_STANDARD = gnu11;
				GCC_DYNAMIC_NO_PIC = NO;
				GCC_NO_COMMON_BLOCKS = YES;
				GCC_OPTIMIZATION_LEVEL = 0;
				GCC_PREPROCESSOR_DEFINITIONS = (
					"DEBUG=1",
					"$(inherited)",
				);
				GCC_WARN_64_TO_32_BIT_CONVERSION = YES;
				GCC_WARN_ABOUT_RETURN_TYPE = YES_ERROR;
				GCC_WARN_UNDECLARED_SELECTOR = YES;
				GCC_WARN_UNINITIALIZED_AUTOS = YES_AGGRESSIVE;
				GCC_WARN_UNUSED_FUNCTION = YES;
				GCC_WARN_UNUSED_VARIABLE = YES;
				IPHONEOS_DEPLOYMENT_TARGET = 11.2;
				MTL_ENABLE_DEBUG_INFO = YES;
				ONLY_ACTIVE_ARCH = YES;
				SDKROOT = iphoneos;
				SWIFT_ACTIVE_COMPILATION_CONDITIONS = DEBUG;
				SWIFT_OPTIMIZATION_LEVEL = "-Onone";
			};
			name = Debug;
		};
		301D8D6C205E387700F4D69B /* Release */ = {
			isa = XCBuildConfiguration;
			buildSettings = {
				ALWAYS_SEARCH_USER_PATHS = NO;
				CLANG_ANALYZER_NONNULL = YES;
				CLANG_ANALYZER_NUMBER_OBJECT_CONVERSION = YES_AGGRESSIVE;
				CLANG_CXX_LANGUAGE_STANDARD = "gnu++14";
				CLANG_CXX_LIBRARY = "libc++";
				CLANG_ENABLE_MODULES = YES;
				CLANG_ENABLE_OBJC_ARC = YES;
				CLANG_WARN_BLOCK_CAPTURE_AUTORELEASING = YES;
				CLANG_WARN_BOOL_CONVERSION = YES;
				CLANG_WARN_COMMA = YES;
				CLANG_WARN_CONSTANT_CONVERSION = YES;
				CLANG_WARN_DIRECT_OBJC_ISA_USAGE = YES_ERROR;
				CLANG_WARN_DOCUMENTATION_COMMENTS = YES;
				CLANG_WARN_EMPTY_BODY = YES;
				CLANG_WARN_ENUM_CONVERSION = YES;
				CLANG_WARN_INFINITE_RECURSION = YES;
				CLANG_WARN_INT_CONVERSION = YES;
				CLANG_WARN_NON_LITERAL_NULL_CONVERSION = YES;
				CLANG_WARN_OBJC_LITERAL_CONVERSION = YES;
				CLANG_WARN_OBJC_ROOT_CLASS = YES_ERROR;
				CLANG_WARN_RANGE_LOOP_ANALYSIS = YES;
				CLANG_WARN_STRICT_PROTOTYPES = YES;
				CLANG_WARN_SUSPICIOUS_MOVE = YES;
				CLANG_WARN_UNGUARDED_AVAILABILITY = YES_AGGRESSIVE;
				CLANG_WARN_UNREACHABLE_CODE = YES;
				CLANG_WARN__DUPLICATE_METHOD_MATCH = YES;
				CODE_SIGN_IDENTITY = "iPhone Developer";
				COPY_PHASE_STRIP = NO;
				DEBUG_INFORMATION_FORMAT = "dwarf-with-dsym";
				ENABLE_NS_ASSERTIONS = NO;
				ENABLE_STRICT_OBJC_MSGSEND = YES;
				GCC_C_LANGUAGE_STANDARD = gnu11;
				GCC_NO_COMMON_BLOCKS = YES;
				GCC_WARN_64_TO_32_BIT_CONVERSION = YES;
				GCC_WARN_ABOUT_RETURN_TYPE = YES_ERROR;
				GCC_WARN_UNDECLARED_SELECTOR = YES;
				GCC_WARN_UNINITIALIZED_AUTOS = YES_AGGRESSIVE;
				GCC_WARN_UNUSED_FUNCTION = YES;
				GCC_WARN_UNUSED_VARIABLE = YES;
				IPHONEOS_DEPLOYMENT_TARGET = 11.2;
				MTL_ENABLE_DEBUG_INFO = NO;
				SDKROOT = iphoneos;
				SWIFT_OPTIMIZATION_LEVEL = "-Owholemodule";
				VALIDATE_PRODUCT = YES;
			};
			name = Release;
		};
		301D8D6E205E387700F4D69B /* Debug */ = {
			isa = XCBuildConfiguration;
			buildSettings = {
				ASSETCATALOG_COMPILER_APPICON_NAME = AppIcon;
				CODE_SIGN_STYLE = Automatic;
				DEVELOPMENT_TEAM = 2G6S2GN785;
				INFOPLIST_FILE = Hangman/Info.plist;
				LD_RUNPATH_SEARCH_PATHS = "$(inherited) @executable_path/Frameworks";
				PRODUCT_BUNDLE_IDENTIFIER = com.alishgiri.Hangman;
				PRODUCT_NAME = "$(TARGET_NAME)";
				SWIFT_VERSION = 4.0;
				TARGETED_DEVICE_FAMILY = "1,2";
			};
			name = Debug;
		};
		301D8D6F205E387700F4D69B /* Release */ = {
			isa = XCBuildConfiguration;
			buildSettings = {
				ASSETCATALOG_COMPILER_APPICON_NAME = AppIcon;
				CODE_SIGN_STYLE = Automatic;
				DEVELOPMENT_TEAM = 2G6S2GN785;
				INFOPLIST_FILE = Hangman/Info.plist;
				LD_RUNPATH_SEARCH_PATHS = "$(inherited) @executable_path/Frameworks";
				PRODUCT_BUNDLE_IDENTIFIER = com.alishgiri.Hangman;
				PRODUCT_NAME = "$(TARGET_NAME)";
				SWIFT_VERSION = 4.0;
				TARGETED_DEVICE_FAMILY = "1,2";
			};
			name = Release;
		};
		301D8D71205E387700F4D69B /* Debug */ = {
			isa = XCBuildConfiguration;
			buildSettings = {
				ALWAYS_EMBED_SWIFT_STANDARD_LIBRARIES = YES;
				BUNDLE_LOADER = "$(TEST_HOST)";
				CODE_SIGN_STYLE = Automatic;
				DEVELOPMENT_TEAM = 2G6S2GN785;
				INFOPLIST_FILE = HangmanTests/Info.plist;
				LD_RUNPATH_SEARCH_PATHS = "$(inherited) @executable_path/Frameworks @loader_path/Frameworks";
				PRODUCT_BUNDLE_IDENTIFIER = com.alishgiri.HangmanTests;
				PRODUCT_NAME = "$(TARGET_NAME)";
				SWIFT_VERSION = 4.0;
				TARGETED_DEVICE_FAMILY = "1,2";
				TEST_HOST = "$(BUILT_PRODUCTS_DIR)/Hangman.app/Hangman";
			};
			name = Debug;
		};
		301D8D72205E387700F4D69B /* Release */ = {
			isa = XCBuildConfiguration;
			buildSettings = {
				ALWAYS_EMBED_SWIFT_STANDARD_LIBRARIES = YES;
				BUNDLE_LOADER = "$(TEST_HOST)";
				CODE_SIGN_STYLE = Automatic;
				DEVELOPMENT_TEAM = 2G6S2GN785;
				INFOPLIST_FILE = HangmanTests/Info.plist;
				LD_RUNPATH_SEARCH_PATHS = "$(inherited) @executable_path/Frameworks @loader_path/Frameworks";
				PRODUCT_BUNDLE_IDENTIFIER = com.alishgiri.HangmanTests;
				PRODUCT_NAME = "$(TARGET_NAME)";
				SWIFT_VERSION = 4.0;
				TARGETED_DEVICE_FAMILY = "1,2";
				TEST_HOST = "$(BUILT_PRODUCTS_DIR)/Hangman.app/Hangman";
			};
			name = Release;
		};
		301D8D74205E387700F4D69B /* Debug */ = {
			isa = XCBuildConfiguration;
			buildSettings = {
				ALWAYS_EMBED_SWIFT_STANDARD_LIBRARIES = YES;
				CODE_SIGN_STYLE = Automatic;
				DEVELOPMENT_TEAM = 2G6S2GN785;
				INFOPLIST_FILE = HangmanUITests/Info.plist;
				LD_RUNPATH_SEARCH_PATHS = "$(inherited) @executable_path/Frameworks @loader_path/Frameworks";
				PRODUCT_BUNDLE_IDENTIFIER = com.alishgiri.HangmanUITests;
				PRODUCT_NAME = "$(TARGET_NAME)";
				SWIFT_VERSION = 4.0;
				TARGETED_DEVICE_FAMILY = "1,2";
				TEST_TARGET_NAME = Hangman;
			};
			name = Debug;
		};
		301D8D75205E387700F4D69B /* Release */ = {
			isa = XCBuildConfiguration;
			buildSettings = {
				ALWAYS_EMBED_SWIFT_STANDARD_LIBRARIES = YES;
				CODE_SIGN_STYLE = Automatic;
				DEVELOPMENT_TEAM = 2G6S2GN785;
				INFOPLIST_FILE = HangmanUITests/Info.plist;
				LD_RUNPATH_SEARCH_PATHS = "$(inherited) @executable_path/Frameworks @loader_path/Frameworks";
				PRODUCT_BUNDLE_IDENTIFIER = com.alishgiri.HangmanUITests;
				PRODUCT_NAME = "$(TARGET_NAME)";
				SWIFT_VERSION = 4.0;
				TARGETED_DEVICE_FAMILY = "1,2";
				TEST_TARGET_NAME = Hangman;
			};
			name = Release;
		};
/* End XCBuildConfiguration section */

/* Begin XCConfigurationList section */
		301D8D40205E387600F4D69B /* Build configuration list for PBXProject "Hangman" */ = {
			isa = XCConfigurationList;
			buildConfigurations = (
				301D8D6B205E387700F4D69B /* Debug */,
				301D8D6C205E387700F4D69B /* Release */,
			);
			defaultConfigurationIsVisible = 0;
			defaultConfigurationName = Release;
		};
		301D8D6D205E387700F4D69B /* Build configuration list for PBXNativeTarget "Hangman" */ = {
			isa = XCConfigurationList;
			buildConfigurations = (
				301D8D6E205E387700F4D69B /* Debug */,
				301D8D6F205E387700F4D69B /* Release */,
			);
			defaultConfigurationIsVisible = 0;
			defaultConfigurationName = Release;
		};
		301D8D70205E387700F4D69B /* Build configuration list for PBXNativeTarget "HangmanTests" */ = {
			isa = XCConfigurationList;
			buildConfigurations = (
				301D8D71205E387700F4D69B /* Debug */,
				301D8D72205E387700F4D69B /* Release */,
			);
			defaultConfigurationIsVisible = 0;
			defaultConfigurationName = Release;
		};
		301D8D73205E387700F4D69B /* Build configuration list for PBXNativeTarget "HangmanUITests" */ = {
			isa = XCConfigurationList;
			buildConfigurations = (
				301D8D74205E387700F4D69B /* Debug */,
				301D8D75205E387700F4D69B /* Release */,
			);
			defaultConfigurationIsVisible = 0;
			defaultConfigurationName = Release;
		};
/* End XCConfigurationList section */
	};
	rootObject = 301D8D3D205E387600F4D69B /* Project object */;
}
