// !$*UTF8*$!
{
	archiveVersion = 1;
	classes = {
	};
	objectVersion = 50;
	objects = {

/* Begin PBXBuildFile section */
		30C5FD76208EE97100377C60 /* AppDelegate.swift in Sources */ = {isa = PBXBuildFile; fileRef = 30C5FD75208EE97100377C60 /* AppDelegate.swift */; };
		30C5FD78208EE97100377C60 /* LoginViewController.swift in Sources */ = {isa = PBXBuildFile; fileRef = 30C5FD77208EE97100377C60 /* LoginViewController.swift */; };
		30C5FD7B208EE97100377C60 /* Main.storyboard in Resources */ = {isa = PBXBuildFile; fileRef = 30C5FD79208EE97100377C60 /* Main.storyboard */; };
		30C5FD7D208EE97100377C60 /* Assets.xcassets in Resources */ = {isa = PBXBuildFile; fileRef = 30C5FD7C208EE97100377C60 /* Assets.xcassets */; };
		30C5FD80208EE97100377C60 /* LaunchScreen.storyboard in Resources */ = {isa = PBXBuildFile; fileRef = 30C5FD7E208EE97100377C60 /* LaunchScreen.storyboard */; };
		30C5FD88208EE9C000377C60 /* GoogleService-Info.plist in Resources */ = {isa = PBXBuildFile; fileRef = 30C5FD87208EE9C000377C60 /* GoogleService-Info.plist */; };
		30C5FD8C208F004000377C60 /* SnapsTableViewController.swift in Sources */ = {isa = PBXBuildFile; fileRef = 30C5FD8B208F004000377C60 /* SnapsTableViewController.swift */; };
		30C5FD8E208F03B000377C60 /* SelectPictureViewController.swift in Sources */ = {isa = PBXBuildFile; fileRef = 30C5FD8D208F03B000377C60 /* SelectPictureViewController.swift */; };
		30C5FD90208F131F00377C60 /* SelectRecipientTableViewController.swift in Sources */ = {isa = PBXBuildFile; fileRef = 30C5FD8F208F131F00377C60 /* SelectRecipientTableViewController.swift */; };
		30C5FD92208F3B7200377C60 /* ViewSnapViewController.swift in Sources */ = {isa = PBXBuildFile; fileRef = 30C5FD91208F3B7200377C60 /* ViewSnapViewController.swift */; };
		43038A95E47046862B6943FA /* Pods_Snapchat.framework in Frameworks */ = {isa = PBXBuildFile; fileRef = E358B1006365B4B1838E9DBC /* Pods_Snapchat.framework */; };
/* End PBXBuildFile section */

/* Begin PBXFileReference section */
		30C5FD72208EE97100377C60 /* Snapchat.app */ = {isa = PBXFileReference; explicitFileType = wrapper.application; includeInIndex = 0; path = Snapchat.app; sourceTree = BUILT_PRODUCTS_DIR; };
		30C5FD75208EE97100377C60 /* AppDelegate.swift */ = {isa = PBXFileReference; lastKnownFileType = sourcecode.swift; path = AppDelegate.swift; sourceTree = "<group>"; };
		30C5FD77208EE97100377C60 /* LoginViewController.swift */ = {isa = PBXFileReference; lastKnownFileType = sourcecode.swift; path = LoginViewController.swift; sourceTree = "<group>"; };
		30C5FD7A208EE97100377C60 /* Base */ = {isa = PBXFileReference; lastKnownFileType = file.storyboard; name = Base; path = Base.lproj/Main.storyboard; sourceTree = "<group>"; };
		30C5FD7C208EE97100377C60 /* Assets.xcassets */ = {isa = PBXFileReference; lastKnownFileType = folder.assetcatalog; path = Assets.xcassets; sourceTree = "<group>"; };
		30C5FD7F208EE97100377C60 /* Base */ = {isa = PBXFileReference; lastKnownFileType = file.storyboard; name = Base; path = Base.lproj/LaunchScreen.storyboard; sourceTree = "<group>"; };
		30C5FD81208EE97100377C60 /* Info.plist */ = {isa = PBXFileReference; lastKnownFileType = text.plist.xml; path = Info.plist; sourceTree = "<group>"; };
		30C5FD87208EE9C000377C60 /* GoogleService-Info.plist */ = {isa = PBXFileReference; fileEncoding = 4; lastKnownFileType = text.plist.xml; path = "GoogleService-Info.plist"; sourceTree = "<group>"; };
		30C5FD8B208F004000377C60 /* SnapsTableViewController.swift */ = {isa = PBXFileReference; lastKnownFileType = sourcecode.swift; path = SnapsTableViewController.swift; sourceTree = "<group>"; };
		30C5FD8D208F03B000377C60 /* SelectPictureViewController.swift */ = {isa = PBXFileReference; lastKnownFileType = sourcecode.swift; path = SelectPictureViewController.swift; sourceTree = "<group>"; };
		30C5FD8F208F131F00377C60 /* SelectRecipientTableViewController.swift */ = {isa = PBXFileReference; lastKnownFileType = sourcecode.swift; path = SelectRecipientTableViewController.swift; sourceTree = "<group>"; };
		30C5FD91208F3B7200377C60 /* ViewSnapViewController.swift */ = {isa = PBXFileReference; lastKnownFileType = sourcecode.swift; path = ViewSnapViewController.swift; sourceTree = "<group>"; };
		6A2256662FF4B3D57B6AB934 /* Pods-Snapchat.debug.xcconfig */ = {isa = PBXFileReference; includeInIndex = 1; lastKnownFileType = text.xcconfig; name = "Pods-Snapchat.debug.xcconfig"; path = "Pods/Target Support Files/Pods-Snapchat/Pods-Snapchat.debug.xcconfig"; sourceTree = "<group>"; };
		A120DE3DB421496F11124184 /* Pods-Snapchat.release.xcconfig */ = {isa = PBXFileReference; includeInIndex = 1; lastKnownFileType = text.xcconfig; name = "Pods-Snapchat.release.xcconfig"; path = "Pods/Target Support Files/Pods-Snapchat/Pods-Snapchat.release.xcconfig"; sourceTree = "<group>"; };
		E358B1006365B4B1838E9DBC /* Pods_Snapchat.framework */ = {isa = PBXFileReference; explicitFileType = wrapper.framework; includeInIndex = 0; path = Pods_Snapchat.framework; sourceTree = BUILT_PRODUCTS_DIR; };
/* End PBXFileReference section */

/* Begin PBXFrameworksBuildPhase section */
		30C5FD6F208EE97100377C60 /* Frameworks */ = {
			isa = PBXFrameworksBuildPhase;
			buildActionMask = 2147483647;
			files = (
				43038A95E47046862B6943FA /* Pods_Snapchat.framework in Frameworks */,
			);
			runOnlyForDeploymentPostprocessing = 0;
		};
/* End PBXFrameworksBuildPhase section */

/* Begin PBXGroup section */
		18F1CF5A9B4A1FA9733D037E /* Frameworks */ = {
			isa = PBXGroup;
			children = (
				E358B1006365B4B1838E9DBC /* Pods_Snapchat.framework */,
			);
			name = Frameworks;
			sourceTree = "<group>";
		};
		30C5FD69208EE97100377C60 = {
			isa = PBXGroup;
			children = (
				30C5FD74208EE97100377C60 /* Snapchat */,
				30C5FD73208EE97100377C60 /* Products */,
				6529EFA79B1DC1AF5D7DB24D /* Pods */,
				18F1CF5A9B4A1FA9733D037E /* Frameworks */,
			);
			sourceTree = "<group>";
		};
		30C5FD73208EE97100377C60 /* Products */ = {
			isa = PBXGroup;
			children = (
				30C5FD72208EE97100377C60 /* Snapchat.app */,
			);
			name = Products;
			sourceTree = "<group>";
		};
		30C5FD74208EE97100377C60 /* Snapchat */ = {
			isa = PBXGroup;
			children = (
				30C5FD75208EE97100377C60 /* AppDelegate.swift */,
				30C5FD77208EE97100377C60 /* LoginViewController.swift */,
				30C5FD8B208F004000377C60 /* SnapsTableViewController.swift */,
				30C5FD8D208F03B000377C60 /* SelectPictureViewController.swift */,
				30C5FD8F208F131F00377C60 /* SelectRecipientTableViewController.swift */,
				30C5FD91208F3B7200377C60 /* ViewSnapViewController.swift */,
				30C5FD79208EE97100377C60 /* Main.storyboard */,
				30C5FD7C208EE97100377C60 /* Assets.xcassets */,
				30C5FD7E208EE97100377C60 /* LaunchScreen.storyboard */,
				30C5FD87208EE9C000377C60 /* GoogleService-Info.plist */,
				30C5FD81208EE97100377C60 /* Info.plist */,
			);
			path = Snapchat;
			sourceTree = "<group>";
		};
		6529EFA79B1DC1AF5D7DB24D /* Pods */ = {
			isa = PBXGroup;
			children = (
				6A2256662FF4B3D57B6AB934 /* Pods-Snapchat.debug.xcconfig */,
				A120DE3DB421496F11124184 /* Pods-Snapchat.release.xcconfig */,
			);
			name = Pods;
			sourceTree = "<group>";
		};
/* End PBXGroup section */

/* Begin PBXNativeTarget section */
		30C5FD71208EE97100377C60 /* Snapchat */ = {
			isa = PBXNativeTarget;
			buildConfigurationList = 30C5FD84208EE97100377C60 /* Build configuration list for PBXNativeTarget "Snapchat" */;
			buildPhases = (
				2635E46A38B6FFD9089AA70B /* [CP] Check Pods Manifest.lock */,
				30C5FD6E208EE97100377C60 /* Sources */,
				30C5FD6F208EE97100377C60 /* Frameworks */,
				30C5FD70208EE97100377C60 /* Resources */,
				A8B9E70F66C55F46FB2E1D6F /* [CP] Embed Pods Frameworks */,
			);
			buildRules = (
			);
			dependencies = (
			);
			name = Snapchat;
			productName = Snapchat;
			productReference = 30C5FD72208EE97100377C60 /* Snapchat.app */;
			productType = "com.apple.product-type.application";
		};
/* End PBXNativeTarget section */

/* Begin PBXProject section */
		30C5FD6A208EE97100377C60 /* Project object */ = {
			isa = PBXProject;
			attributes = {
				LastSwiftUpdateCheck = 0940;
				LastUpgradeCheck = 0940;
				ORGANIZATIONNAME = "Alish Giri";
				TargetAttributes = {
					30C5FD71208EE97100377C60 = {
						CreatedOnToolsVersion = 9.4;
					};
				};
			};
			buildConfigurationList = 30C5FD6D208EE97100377C60 /* Build configuration list for PBXProject "Snapchat" */;
			compatibilityVersion = "Xcode 9.3";
			developmentRegion = en;
			hasScannedForEncodings = 0;
			knownRegions = (
				en,
				Base,
			);
			mainGroup = 30C5FD69208EE97100377C60;
			productRefGroup = 30C5FD73208EE97100377C60 /* Products */;
			projectDirPath = "";
			projectRoot = "";
			targets = (
				30C5FD71208EE97100377C60 /* Snapchat */,
			);
		};
/* End PBXProject section */

/* Begin PBXResourcesBuildPhase section */
		30C5FD70208EE97100377C60 /* Resources */ = {
			isa = PBXResourcesBuildPhase;
			buildActionMask = 2147483647;
			files = (
				30C5FD80208EE97100377C60 /* LaunchScreen.storyboard in Resources */,
				30C5FD88208EE9C000377C60 /* GoogleService-Info.plist in Resources */,
				30C5FD7D208EE97100377C60 /* Assets.xcassets in Resources */,
				30C5FD7B208EE97100377C60 /* Main.storyboard in Resources */,
			);
			runOnlyForDeploymentPostprocessing = 0;
		};
/* End PBXResourcesBuildPhase section */

/* Begin PBXShellScriptBuildPhase section */
		2635E46A38B6FFD9089AA70B /* [CP] Check Pods Manifest.lock */ = {
			isa = PBXShellScriptBuildPhase;
			buildActionMask = 2147483647;
			files = (
			);
			inputPaths = (
				"${PODS_PODFILE_DIR_PATH}/Podfile.lock",
				"${PODS_ROOT}/Manifest.lock",
			);
			name = "[CP] Check Pods Manifest.lock";
			outputPaths = (
				"$(DERIVED_FILE_DIR)/Pods-Snapchat-checkManifestLockResult.txt",
			);
			runOnlyForDeploymentPostprocessing = 0;
			shellPath = /bin/sh;
			shellScript = "diff \"${PODS_PODFILE_DIR_PATH}/Podfile.lock\" \"${PODS_ROOT}/Manifest.lock\" > /dev/null\nif [ $? != 0 ] ; then\n    # print error to STDERR\n    echo \"error: The sandbox is not in sync with the Podfile.lock. Run 'pod install' or update your CocoaPods installation.\" >&2\n    exit 1\nfi\n# This output is used by Xcode 'outputs' to avoid re-running this script phase.\necho \"SUCCESS\" > \"${SCRIPT_OUTPUT_FILE_0}\"\n";
			showEnvVarsInLog = 0;
		};
		A8B9E70F66C55F46FB2E1D6F /* [CP] Embed Pods Frameworks */ = {
			isa = PBXShellScriptBuildPhase;
			buildActionMask = 2147483647;
			files = (
			);
			inputPaths = (
				"${SRCROOT}/Pods/Target Support Files/Pods-Snapchat/Pods-Snapchat-frameworks.sh",
				"${BUILT_PRODUCTS_DIR}/GTMSessionFetcher/GTMSessionFetcher.framework",
				"${BUILT_PRODUCTS_DIR}/GoogleToolboxForMac/GoogleToolboxForMac.framework",
				"${BUILT_PRODUCTS_DIR}/SDWebImage/SDWebImage.framework",
				"${BUILT_PRODUCTS_DIR}/leveldb-library/leveldb.framework",
				"${BUILT_PRODUCTS_DIR}/nanopb/nanopb.framework",
			);
			name = "[CP] Embed Pods Frameworks";
			outputPaths = (
				"${TARGET_BUILD_DIR}/${FRAMEWORKS_FOLDER_PATH}/GTMSessionFetcher.framework",
				"${TARGET_BUILD_DIR}/${FRAMEWORKS_FOLDER_PATH}/GoogleToolboxForMac.framework",
				"${TARGET_BUILD_DIR}/${FRAMEWORKS_FOLDER_PATH}/SDWebImage.framework",
				"${TARGET_BUILD_DIR}/${FRAMEWORKS_FOLDER_PATH}/leveldb.framework",
				"${TARGET_BUILD_DIR}/${FRAMEWORKS_FOLDER_PATH}/nanopb.framework",
			);
			runOnlyForDeploymentPostprocessing = 0;
			shellPath = /bin/sh;
			shellScript = "\"${SRCROOT}/Pods/Target Support Files/Pods-Snapchat/Pods-Snapchat-frameworks.sh\"\n";
			showEnvVarsInLog = 0;
		};
/* End PBXShellScriptBuildPhase section */

/* Begin PBXSourcesBuildPhase section */
		30C5FD6E208EE97100377C60 /* Sources */ = {
			isa = PBXSourcesBuildPhase;
			buildActionMask = 2147483647;
			files = (
				30C5FD8C208F004000377C60 /* SnapsTableViewController.swift in Sources */,
				30C5FD92208F3B7200377C60 /* ViewSnapViewController.swift in Sources */,
				30C5FD8E208F03B000377C60 /* SelectPictureViewController.swift in Sources */,
				30C5FD90208F131F00377C60 /* SelectRecipientTableViewController.swift in Sources */,
				30C5FD78208EE97100377C60 /* LoginViewController.swift in Sources */,
				30C5FD76208EE97100377C60 /* AppDelegate.swift in Sources */,
			);
			runOnlyForDeploymentPostprocessing = 0;
		};
/* End PBXSourcesBuildPhase section */

/* Begin PBXVariantGroup section */
		30C5FD79208EE97100377C60 /* Main.storyboard */ = {
			isa = PBXVariantGroup;
			children = (
				30C5FD7A208EE97100377C60 /* Base */,
			);
			name = Main.storyboard;
			sourceTree = "<group>";
		};
		30C5FD7E208EE97100377C60 /* LaunchScreen.storyboard */ = {
			isa = PBXVariantGroup;
			children = (
				30C5FD7F208EE97100377C60 /* Base */,
			);
			name = LaunchScreen.storyboard;
			sourceTree = "<group>";
		};
/* End PBXVariantGroup section */

/* Begin XCBuildConfiguration section */
		30C5FD82208EE97100377C60 /* Debug */ = {
			isa = XCBuildConfiguration;
			buildSettings = {
				ALWAYS_SEARCH_USER_PATHS = NO;
				CLANG_ANALYZER_NONNULL = YES;
				CLANG_ANALYZER_NUMBER_OBJECT_CONVERSION = YES_AGGRESSIVE;
				CLANG_CXX_LANGUAGE_STANDARD = "gnu++14";
				CLANG_CXX_LIBRARY = "libc++";
				CLANG_ENABLE_MODULES = YES;
				CLANG_ENABLE_OBJC_ARC = YES;
				CLANG_ENABLE_OBJC_WEAK = YES;
				CLANG_WARN_BLOCK_CAPTURE_AUTORELEASING = YES;
				CLANG_WARN_BOOL_CONVERSION = YES;
				CLANG_WARN_COMMA = YES;
				CLANG_WARN_CONSTANT_CONVERSION = YES;
				CLANG_WARN_DEPRECATED_OBJC_IMPLEMENTATIONS = YES;
				CLANG_WARN_DIRECT_OBJC_ISA_USAGE = YES_ERROR;
				CLANG_WARN_DOCUMENTATION_COMMENTS = YES;
				CLANG_WARN_EMPTY_BODY = YES;
				CLANG_WARN_ENUM_CONVERSION = YES;
				CLANG_WARN_INFINITE_RECURSION = YES;
				CLANG_WARN_INT_CONVERSION = YES;
				CLANG_WARN_NON_LITERAL_NULL_CONVERSION = YES;
				CLANG_WARN_OBJC_IMPLICIT_RETAIN_SELF = YES;
				CLANG_WARN_OBJC_LITERAL_CONVERSION = YES;
				CLANG_WARN_OBJC_ROOT_CLASS = YES_ERROR;
				CLANG_WARN_RANGE_LOOP_ANALYSIS = YES;
				CLANG_WARN_STRICT_PROTOTYPES = YES;
				CLANG_WARN_SUSPICIOUS_MOVE = YES;
				CLANG_WARN_UNGUARDED_AVAILABILITY = YES_AGGRESSIVE;
				CLANG_WARN_UNREACHABLE_CODE = YES;
				CLANG_WARN__DUPLICATE_METHOD_MATCH = YES;
				CODE_SIGN_IDENTITY = "iPhone Developer";
				COPY_PHASE_STRIP = NO;
				DEBUG_INFORMATION_FORMAT = dwarf;
				ENABLE_STRICT_OBJC_MSGSEND = YES;
				ENABLE_TESTABILITY = YES;
				GCC_C_LANGUAGE_STANDARD = gnu11;
				GCC_DYNAMIC_NO_PIC = NO;
				GCC_NO_COMMON_BLOCKS = YES;
				GCC_OPTIMIZATION_LEVEL = 0;
				GCC_PREPROCESSOR_DEFINITIONS = (
					"DEBUG=1",
					"$(inherited)",
				);
				GCC_WARN_64_TO_32_BIT_CONVERSION = YES;
				GCC_WARN_ABOUT_RETURN_TYPE = YES_ERROR;
				GCC_WARN_UNDECLARED_SELECTOR = YES;
				GCC_WARN_UNINITIALIZED_AUTOS = YES_AGGRESSIVE;
				GCC_WARN_UNUSED_FUNCTION = YES;
				GCC_WARN_UNUSED_VARIABLE = YES;
				IPHONEOS_DEPLOYMENT_TARGET = 11.4;
				MTL_ENABLE_DEBUG_INFO = YES;
				ONLY_ACTIVE_ARCH = YES;
				SDKROOT = iphoneos;
				SWIFT_ACTIVE_COMPILATION_CONDITIONS = DEBUG;
				SWIFT_OPTIMIZATION_LEVEL = "-Onone";
			};
			name = Debug;
		};
		30C5FD83208EE97100377C60 /* Release */ = {
			isa = XCBuildConfiguration;
			buildSettings = {
				ALWAYS_SEARCH_USER_PATHS = NO;
				CLANG_ANALYZER_NONNULL = YES;
				CLANG_ANALYZER_NUMBER_OBJECT_CONVERSION = YES_AGGRESSIVE;
				CLANG_CXX_LANGUAGE_STANDARD = "gnu++14";
				CLANG_CXX_LIBRARY = "libc++";
				CLANG_ENABLE_MODULES = YES;
				CLANG_ENABLE_OBJC_ARC = YES;
				CLANG_ENABLE_OBJC_WEAK = YES;
				CLANG_WARN_BLOCK_CAPTURE_AUTORELEASING = YES;
				CLANG_WARN_BOOL_CONVERSION = YES;
				CLANG_WARN_COMMA = YES;
				CLANG_WARN_CONSTANT_CONVERSION = YES;
				CLANG_WARN_DEPRECATED_OBJC_IMPLEMENTATIONS = YES;
				CLANG_WARN_DIRECT_OBJC_ISA_USAGE = YES_ERROR;
				CLANG_WARN_DOCUMENTATION_COMMENTS = YES;
				CLANG_WARN_EMPTY_BODY = YES;
				CLANG_WARN_ENUM_CONVERSION = YES;
				CLANG_WARN_INFINITE_RECURSION = YES;
				CLANG_WARN_INT_CONVERSION = YES;
				CLANG_WARN_NON_LITERAL_NULL_CONVERSION = YES;
				CLANG_WARN_OBJC_IMPLICIT_RETAIN_SELF = YES;
				CLANG_WARN_OBJC_LITERAL_CONVERSION = YES;
				CLANG_WARN_OBJC_ROOT_CLASS = YES_ERROR;
				CLANG_WARN_RANGE_LOOP_ANALYSIS = YES;
				CLANG_WARN_STRICT_PROTOTYPES = YES;
				CLANG_WARN_SUSPICIOUS_MOVE = YES;
				CLANG_WARN_UNGUARDED_AVAILABILITY = YES_AGGRESSIVE;
				CLANG_WARN_UNREACHABLE_CODE = YES;
				CLANG_WARN__DUPLICATE_METHOD_MATCH = YES;
				CODE_SIGN_IDENTITY = "iPhone Developer";
				COPY_PHASE_STRIP = NO;
				DEBUG_INFORMATION_FORMAT = "dwarf-with-dsym";
				ENABLE_NS_ASSERTIONS = NO;
				ENABLE_STRICT_OBJC_MSGSEND = YES;
				GCC_C_LANGUAGE_STANDARD = gnu11;
				GCC_NO_COMMON_BLOCKS = YES;
				GCC_WARN_64_TO_32_BIT_CONVERSION = YES;
				GCC_WARN_ABOUT_RETURN_TYPE = YES_ERROR;
				GCC_WARN_UNDECLARED_SELECTOR = YES;
				GCC_WARN_UNINITIALIZED_AUTOS = YES_AGGRESSIVE;
				GCC_WARN_UNUSED_FUNCTION = YES;
				GCC_WARN_UNUSED_VARIABLE = YES;
				IPHONEOS_DEPLOYMENT_TARGET = 11.4;
				MTL_ENABLE_DEBUG_INFO = NO;
				SDKROOT = iphoneos;
				SWIFT_COMPILATION_MODE = wholemodule;
				SWIFT_OPTIMIZATION_LEVEL = "-O";
				VALIDATE_PRODUCT = YES;
			};
			name = Release;
		};
		30C5FD85208EE97100377C60 /* Debug */ = {
			isa = XCBuildConfiguration;
			baseConfigurationReference = 6A2256662FF4B3D57B6AB934 /* Pods-Snapchat.debug.xcconfig */;
			buildSettings = {
				ASSETCATALOG_COMPILER_APPICON_NAME = AppIcon;
				CODE_SIGN_STYLE = Automatic;
				DEVELOPMENT_TEAM = 2G6S2GN785;
				INFOPLIST_FILE = Snapchat/Info.plist;
				IPHONEOS_DEPLOYMENT_TARGET = 11.0;
				LD_RUNPATH_SEARCH_PATHS = "$(inherited) @executable_path/Frameworks";
				PRODUCT_BUNDLE_IDENTIFIER = com.alishgiri.Snapchat;
				PRODUCT_NAME = "$(TARGET_NAME)";
				SWIFT_VERSION = 4.0;
				TARGETED_DEVICE_FAMILY = "1,2";
			};
			name = Debug;
		};
		30C5FD86208EE97100377C60 /* Release */ = {
			isa = XCBuildConfiguration;
			baseConfigurationReference = A120DE3DB421496F11124184 /* Pods-Snapchat.release.xcconfig */;
			buildSettings = {
				ASSETCATALOG_COMPILER_APPICON_NAME = AppIcon;
				CODE_SIGN_STYLE = Automatic;
				DEVELOPMENT_TEAM = 2G6S2GN785;
				INFOPLIST_FILE = Snapchat/Info.plist;
				IPHONEOS_DEPLOYMENT_TARGET = 11.0;
				LD_RUNPATH_SEARCH_PATHS = "$(inherited) @executable_path/Frameworks";
				PRODUCT_BUNDLE_IDENTIFIER = com.alishgiri.Snapchat;
				PRODUCT_NAME = "$(TARGET_NAME)";
				SWIFT_VERSION = 4.0;
				TARGETED_DEVICE_FAMILY = "1,2";
			};
			name = Release;
		};
/* End XCBuildConfiguration section */

/* Begin XCConfigurationList section */
		30C5FD6D208EE97100377C60 /* Build configuration list for PBXProject "Snapchat" */ = {
			isa = XCConfigurationList;
			buildConfigurations = (
				30C5FD82208EE97100377C60 /* Debug */,
				30C5FD83208EE97100377C60 /* Release */,
			);
			defaultConfigurationIsVisible = 0;
			defaultConfigurationName = Release;
		};
		30C5FD84208EE97100377C60 /* Build configuration list for PBXNativeTarget "Snapchat" */ = {
			isa = XCConfigurationList;
			buildConfigurations = (
				30C5FD85208EE97100377C60 /* Debug */,
				30C5FD86208EE97100377C60 /* Release */,
			);
			defaultConfigurationIsVisible = 0;
			defaultConfigurationName = Release;
		};
/* End XCConfigurationList section */
	};
	rootObject = 30C5FD6A208EE97100377C60 /* Project object */;
}
